
Microsoft Visual Studio Solution File, Format Version 12.00
# Visual Studio 14
VisualStudioVersion = 14.0.23107.0
MinimumVisualStudioVersion = 10.0.40219.1
Project("{888888A0-9F3D-457C-B088-3A5042F75D52}") = "Python_Web", "Python_Web\Python_Web.pyproj", "{ADECAF9F-119F-457F-84C9-BAC314298A88}"
EndProject
Global
	GlobalSection(SolutionConfigurationPlatforms) = preSolution
		Debug|Any CPU = Debug|Any CPU
		Release|Any CPU = Release|Any CPU
	EndGlobalSection
	GlobalSection(ProjectConfigurationPlatforms) = postSolution
		{ADECAF9F-119F-457F-84C9-BAC314298A88}.Debug|Any CPU.ActiveCfg = Debug|Any CPU
		{ADECAF9F-119F-457F-84C9-BAC314298A88}.Debug|Any CPU.Build.0 = Debug|Any CPU
		{ADECAF9F-119F-457F-84C9-BAC314298A88}.Release|Any CPU.ActiveCfg = Release|Any CPU
		{ADECAF9F-119F-457F-84C9-BAC314298A88}.Release|Any CPU.Build.0 = Release|Any CPU
	EndGlobalSection
	GlobalSection(SolutionProperties) = preSolution
		HideSolutionNode = FALSE
	EndGlobalSection
EndGlobal
